
Microsoft Visual Studio Solution File, Format Version 12.00
# Visual Studio Version 16
VisualStudioVersion = 16.0.29709.97
MinimumVisualStudioVersion = 10.0.40219.1
Project("{2150E333-8FDC-42A3-9474-1A3956D46DE8}") = "core", "core", "{22EDE6F9-3B51-4417-93CF-7253884C4F91}"
EndProject
Project("{9A19103F-16F7-4668-BE54-9A1E7A4F7556}") = "X10D.Core", "core\X10D.Core\X10D.Core.csproj", "{8C776C4B-4F9C-46B1-9598-9039D33EAE7E}"
EndProject
Project("{2150E333-8FDC-42A3-9474-1A3956D46DE8}") = "sdk", "sdk", "{EBF36D61-AB22-4F3B-AE3E-E5BAD10AD54B}"
EndProject
Project("{2150E333-8FDC-42A3-9474-1A3956D46DE8}") = "Data", "Data", "{102FF7A2-31B0-46D7-8349-CD289D7C5EF6}"
EndProject
Project("{2150E333-8FDC-42A3-9474-1A3956D46DE8}") = "Data.Dapper", "Data.Dapper", "{576407B4-1298-43FE-9126-83BF57174772}"
EndProject
Project("{2150E333-8FDC-42A3-9474-1A3956D46DE8}") = "Data.EntityFramework", "Data.EntityFramework", "{DB9C72F6-AF52-424F-B9ED-263F91524A86}"
EndProject
Project("{2150E333-8FDC-42A3-9474-1A3956D46DE8}") = "Events", "Events", "{AFB0E002-A77D-464A-B706-B427888B5121}"
EndProject
Project("{2150E333-8FDC-42A3-9474-1A3956D46DE8}") = "FileStorage", "FileStorage", "{08CFFCFC-6B2C-44AE-BCCD-4B2B08B585F3}"
EndProject
Project("{2150E333-8FDC-42A3-9474-1A3956D46DE8}") = "Mvc", "Mvc", "{40F1F218-ECFE-4F44-A26B-80BD5219BAC0}"
EndProject
Project("{9A19103F-16F7-4668-BE54-9A1E7A4F7556}") = "X10D.Infrastructure", "sdk\X10D.Infrastructure\X10D.Infrastructure.csproj", "{B8F5F654-06CD-4E84-9645-CD0DD13729F5}"
EndProject
Project("{9A19103F-16F7-4668-BE54-9A1E7A4F7556}") = "X10D.Mvc.Infrastructure", "sdk\Mvc\X10D.Mvc.Infrastructure\X10D.Mvc.Infrastructure.csproj", "{8D11AA6B-1B6A-4E1D-A3D4-F0378FF48092}"
EndProject
Project("{9A19103F-16F7-4668-BE54-9A1E7A4F7556}") = "X10D.Data.Entities.Abstractions", "sdk\Data\X10D.Data.Entities.Abstractions\X10D.Data.Entities.Abstractions.csproj", "{E1A89EAA-6DC8-445F-BB28-51A247F0A6FF}"
EndProject
Project("{9A19103F-16F7-4668-BE54-9A1E7A4F7556}") = "X10D.Data.Abstractions", "sdk\Data\X10D.Data.Abstractions\X10D.Data.Abstractions.csproj", "{C55EE46A-FE48-4BED-917E-7AEA79C1D425}"
EndProject
Project("{9A19103F-16F7-4668-BE54-9A1E7A4F7556}") = "X10D.Data", "sdk\Data\X10D.Data\X10D.Data.csproj", "{2CC665E5-29C9-454B-BF73-283B56F37F08}"
EndProject
Project("{9A19103F-16F7-4668-BE54-9A1E7A4F7556}") = "X10D.Data.EntityFramework", "sdk\Data.EntityFramework\X10D.Data.EntityFramework\X10D.Data.EntityFramework.csproj", "{CE09069E-7C36-44FB-8786-78A933334786}"
EndProject
Project("{9A19103F-16F7-4668-BE54-9A1E7A4F7556}") = "X10D.Data.EntityFramework.PostgreSql", "sdk\Data.EntityFramework\X10D.Data.EntityFramework.PostgreSql\X10D.Data.EntityFramework.PostgreSql.csproj", "{4D0EC118-EE59-4C76-BFA6-190D45334F15}"
EndProject
Project("{9A19103F-16F7-4668-BE54-9A1E7A4F7556}") = "X10D.Data.EntityFramework.SqlServer", "sdk\Data.EntityFramework\X10D.Data.EntityFramework.SqlServer\X10D.Data.EntityFramework.SqlServer.csproj", "{54F7532A-8EAE-43EC-BA20-93997DB3F23F}"
EndProject
Project("{9A19103F-16F7-4668-BE54-9A1E7A4F7556}") = "X10D.Data.EntityFramework.MySql", "sdk\Data.EntityFramework\X10D.Data.EntityFramework.MySql\X10D.Data.EntityFramework.MySql.csproj", "{6A60C837-49FC-45DE-802B-93D6B74671E1}"
EndProject
Project("{9A19103F-16F7-4668-BE54-9A1E7A4F7556}") = "X10D.Data.Dapper", "sdk\Data.Dapper\X10D.Data.Dapper\X10D.Data.Dapper.csproj", "{AF8B5FC7-62AE-412C-AF3E-D730F8E1DCF1}"
EndProject
Project("{9A19103F-16F7-4668-BE54-9A1E7A4F7556}") = "X10D.Data.Dapper.MySql", "sdk\Data.Dapper\X10D.Data.Dapper.MySql\X10D.Data.Dapper.MySql.csproj", "{D3263C10-E874-4875-A432-F9CDF7899C18}"
EndProject
Project("{9A19103F-16F7-4668-BE54-9A1E7A4F7556}") = "X10D.Data.Dapper.SqlServer", "sdk\Data.Dapper\X10D.Data.Dapper.SqlServer\X10D.Data.Dapper.SqlServer.csproj", "{501C2FC6-0FF7-484F-A29A-9F04AAE01619}"
EndProject
Project("{9A19103F-16F7-4668-BE54-9A1E7A4F7556}") = "X10D.Data.Dapper.PostgreSql", "sdk\Data.Dapper\X10D.Data.Dapper.PostgreSql\X10D.Data.Dapper.PostgreSql.csproj", "{21E103C8-801A-4938-BC66-ACEE919A0B15}"
EndProject
Project("{9A19103F-16F7-4668-BE54-9A1E7A4F7556}") = "X10D.Events", "sdk\Events\X10D.Events\X10D.Events.csproj", "{F25EA943-8F3C-41E2-B007-A5406CBDA7CE}"
EndProject
Project("{9A19103F-16F7-4668-BE54-9A1E7A4F7556}") = "X10D.FileStorage.Abstractions", "sdk\FileStorage\X10D.FileStorage.Abstractions\X10D.FileStorage.Abstractions.csproj", "{A5412094-AF04-4251-AC0D-E69A3811A202}"
EndProject
Project("{9A19103F-16F7-4668-BE54-9A1E7A4F7556}") = "X10D.FileStorage.FileSystem", "sdk\FileStorage\X10D.FileStorage.FileSystem\X10D.FileStorage.FileSystem.csproj", "{05619294-269B-4044-B9F6-29DD7F55FF0E}"
EndProject
Project("{9A19103F-16F7-4668-BE54-9A1E7A4F7556}") = "X10D.FileStorage.Dropbox", "sdk\FileStorage\X10D.FileStorage.Dropbox\X10D.FileStorage.Dropbox.csproj", "{BC48A387-2B81-4321-8FCB-EECE4C90400C}"
EndProject
Project("{9A19103F-16F7-4668-BE54-9A1E7A4F7556}") = "X10D.FileStorage", "sdk\FileStorage\X10D.FileStorage\X10D.FileStorage.csproj", "{7954C5DA-5C6F-4615-BD46-99C3F8E62B55}"
EndProject
Project("{9A19103F-16F7-4668-BE54-9A1E7A4F7556}") = "X10D.Mvc", "sdk\Mvc\X10D.Mvc\X10D.Mvc.csproj", "{B8CD7EDC-0519-4411-A11A-DD5BE5A4EE76}"
EndProject
Project("{9A19103F-16F7-4668-BE54-9A1E7A4F7556}") = "X10D.WebApplication", "sdk\X10D.WebApplication\X10D.WebApplication.csproj", "{1373FDF8-8CBC-4088-B2B3-227E5CCF7A32}"
EndProject
Project("{2150E333-8FDC-42A3-9474-1A3956D46DE8}") = "modules", "modules", "{56772024-C2D7-404F-AFCE-F3C4705F0F81}"
EndProject
Project("{9A19103F-16F7-4668-BE54-9A1E7A4F7556}") = "X10D.Security", "modules\security\X10D.Security\X10D.Security.csproj", "{FB6A5161-F9E6-4ECF-A2BE-E8365424544C}"
EndProject
Project("{2150E333-8FDC-42A3-9474-1A3956D46DE8}") = "security", "security", "{121DAEDF-11D6-476B-A7DD-CF2E8A9DA043}"
EndProject
Project("{2150E333-8FDC-42A3-9474-1A3956D46DE8}") = "contest", "contest", "{1C0F46F5-77B2-4CD5-8FD5-5498AB9B1C6B}"
EndProject
Project("{9A19103F-16F7-4668-BE54-9A1E7A4F7556}") = "X10D.Contest", "modules\contest\X10D.Contest\X10D.Contest.csproj", "{0EB2934C-14F0-465E-8728-103D1D60FC99}"
EndProject
Project("{FAE04EC0-301F-11D3-BF4B-00C04F79EFBC}") = "X10D.Core.Libraries", "core\X10D.Core.Libraries\X10D.Core.Libraries.csproj", "{51A2F984-E764-4DA9-B112-486E43951774}"
EndProject
Global
	GlobalSection(SolutionConfigurationPlatforms) = preSolution
		Debug|Any CPU = Debug|Any CPU
		Release|Any CPU = Release|Any CPU
	EndGlobalSection
	GlobalSection(ProjectConfigurationPlatforms) = postSolution
		{8C776C4B-4F9C-46B1-9598-9039D33EAE7E}.Debug|Any CPU.ActiveCfg = Debug|Any CPU
		{8C776C4B-4F9C-46B1-9598-9039D33EAE7E}.Debug|Any CPU.Build.0 = Debug|Any CPU
		{8C776C4B-4F9C-46B1-9598-9039D33EAE7E}.Release|Any CPU.ActiveCfg = Release|Any CPU
		{8C776C4B-4F9C-46B1-9598-9039D33EAE7E}.Release|Any CPU.Build.0 = Release|Any CPU
		{B8F5F654-06CD-4E84-9645-CD0DD13729F5}.Debug|Any CPU.ActiveCfg = Debug|Any CPU
		{B8F5F654-06CD-4E84-9645-CD0DD13729F5}.Debug|Any CPU.Build.0 = Debug|Any CPU
		{B8F5F654-06CD-4E84-9645-CD0DD13729F5}.Release|Any CPU.ActiveCfg = Release|Any CPU
		{B8F5F654-06CD-4E84-9645-CD0DD13729F5}.Release|Any CPU.Build.0 = Release|Any CPU
		{8D11AA6B-1B6A-4E1D-A3D4-F0378FF48092}.Debug|Any CPU.ActiveCfg = Debug|Any CPU
		{8D11AA6B-1B6A-4E1D-A3D4-F0378FF48092}.Debug|Any CPU.Build.0 = Debug|Any CPU
		{8D11AA6B-1B6A-4E1D-A3D4-F0378FF48092}.Release|Any CPU.ActiveCfg = Release|Any CPU
		{8D11AA6B-1B6A-4E1D-A3D4-F0378FF48092}.Release|Any CPU.Build.0 = Release|Any CPU
		{E1A89EAA-6DC8-445F-BB28-51A247F0A6FF}.Debug|Any CPU.ActiveCfg = Debug|Any CPU
		{E1A89EAA-6DC8-445F-BB28-51A247F0A6FF}.Debug|Any CPU.Build.0 = Debug|Any CPU
		{E1A89EAA-6DC8-445F-BB28-51A247F0A6FF}.Release|Any CPU.ActiveCfg = Release|Any CPU
		{E1A89EAA-6DC8-445F-BB28-51A247F0A6FF}.Release|Any CPU.Build.0 = Release|Any CPU
		{C55EE46A-FE48-4BED-917E-7AEA79C1D425}.Debug|Any CPU.ActiveCfg = Debug|Any CPU
		{C55EE46A-FE48-4BED-917E-7AEA79C1D425}.Debug|Any CPU.Build.0 = Debug|Any CPU
		{C55EE46A-FE48-4BED-917E-7AEA79C1D425}.Release|Any CPU.ActiveCfg = Release|Any CPU
		{C55EE46A-FE48-4BED-917E-7AEA79C1D425}.Release|Any CPU.Build.0 = Release|Any CPU
		{2CC665E5-29C9-454B-BF73-283B56F37F08}.Debug|Any CPU.ActiveCfg = Debug|Any CPU
		{2CC665E5-29C9-454B-BF73-283B56F37F08}.Debug|Any CPU.Build.0 = Debug|Any CPU
		{2CC665E5-29C9-454B-BF73-283B56F37F08}.Release|Any CPU.ActiveCfg = Release|Any CPU
		{2CC665E5-29C9-454B-BF73-283B56F37F08}.Release|Any CPU.Build.0 = Release|Any CPU
		{CE09069E-7C36-44FB-8786-78A933334786}.Debug|Any CPU.ActiveCfg = Debug|Any CPU
		{CE09069E-7C36-44FB-8786-78A933334786}.Debug|Any CPU.Build.0 = Debug|Any CPU
		{CE09069E-7C36-44FB-8786-78A933334786}.Release|Any CPU.ActiveCfg = Release|Any CPU
		{CE09069E-7C36-44FB-8786-78A933334786}.Release|Any CPU.Build.0 = Release|Any CPU
		{4D0EC118-EE59-4C76-BFA6-190D45334F15}.Debug|Any CPU.ActiveCfg = Debug|Any CPU
		{4D0EC118-EE59-4C76-BFA6-190D45334F15}.Debug|Any CPU.Build.0 = Debug|Any CPU
		{4D0EC118-EE59-4C76-BFA6-190D45334F15}.Release|Any CPU.ActiveCfg = Release|Any CPU
		{4D0EC118-EE59-4C76-BFA6-190D45334F15}.Release|Any CPU.Build.0 = Release|Any CPU
		{54F7532A-8EAE-43EC-BA20-93997DB3F23F}.Debug|Any CPU.ActiveCfg = Debug|Any CPU
		{54F7532A-8EAE-43EC-BA20-93997DB3F23F}.Debug|Any CPU.Build.0 = Debug|Any CPU
		{54F7532A-8EAE-43EC-BA20-93997DB3F23F}.Release|Any CPU.ActiveCfg = Release|Any CPU
		{54F7532A-8EAE-43EC-BA20-93997DB3F23F}.Release|Any CPU.Build.0 = Release|Any CPU
		{6A60C837-49FC-45DE-802B-93D6B74671E1}.Debug|Any CPU.ActiveCfg = Debug|Any CPU
		{6A60C837-49FC-45DE-802B-93D6B74671E1}.Debug|Any CPU.Build.0 = Debug|Any CPU
		{6A60C837-49FC-45DE-802B-93D6B74671E1}.Release|Any CPU.ActiveCfg = Release|Any CPU
		{6A60C837-49FC-45DE-802B-93D6B74671E1}.Release|Any CPU.Build.0 = Release|Any CPU
		{AF8B5FC7-62AE-412C-AF3E-D730F8E1DCF1}.Debug|Any CPU.ActiveCfg = Debug|Any CPU
		{AF8B5FC7-62AE-412C-AF3E-D730F8E1DCF1}.Debug|Any CPU.Build.0 = Debug|Any CPU
		{AF8B5FC7-62AE-412C-AF3E-D730F8E1DCF1}.Release|Any CPU.ActiveCfg = Release|Any CPU
		{AF8B5FC7-62AE-412C-AF3E-D730F8E1DCF1}.Release|Any CPU.Build.0 = Release|Any CPU
		{D3263C10-E874-4875-A432-F9CDF7899C18}.Debug|Any CPU.ActiveCfg = Debug|Any CPU
		{D3263C10-E874-4875-A432-F9CDF7899C18}.Debug|Any CPU.Build.0 = Debug|Any CPU
		{D3263C10-E874-4875-A432-F9CDF7899C18}.Release|Any CPU.ActiveCfg = Release|Any CPU
		{D3263C10-E874-4875-A432-F9CDF7899C18}.Release|Any CPU.Build.0 = Release|Any CPU
		{501C2FC6-0FF7-484F-A29A-9F04AAE01619}.Debug|Any CPU.ActiveCfg = Debug|Any CPU
		{501C2FC6-0FF7-484F-A29A-9F04AAE01619}.Debug|Any CPU.Build.0 = Debug|Any CPU
		{501C2FC6-0FF7-484F-A29A-9F04AAE01619}.Release|Any CPU.ActiveCfg = Release|Any CPU
		{501C2FC6-0FF7-484F-A29A-9F04AAE01619}.Release|Any CPU.Build.0 = Release|Any CPU
		{21E103C8-801A-4938-BC66-ACEE919A0B15}.Debug|Any CPU.ActiveCfg = Debug|Any CPU
		{21E103C8-801A-4938-BC66-ACEE919A0B15}.Debug|Any CPU.Build.0 = Debug|Any CPU
		{21E103C8-801A-4938-BC66-ACEE919A0B15}.Release|Any CPU.ActiveCfg = Release|Any CPU
		{21E103C8-801A-4938-BC66-ACEE919A0B15}.Release|Any CPU.Build.0 = Release|Any CPU
		{F25EA943-8F3C-41E2-B007-A5406CBDA7CE}.Debug|Any CPU.ActiveCfg = Debug|Any CPU
		{F25EA943-8F3C-41E2-B007-A5406CBDA7CE}.Debug|Any CPU.Build.0 = Debug|Any CPU
		{F25EA943-8F3C-41E2-B007-A5406CBDA7CE}.Release|Any CPU.ActiveCfg = Release|Any CPU
		{F25EA943-8F3C-41E2-B007-A5406CBDA7CE}.Release|Any CPU.Build.0 = Release|Any CPU
		{A5412094-AF04-4251-AC0D-E69A3811A202}.Debug|Any CPU.ActiveCfg = Debug|Any CPU
		{A5412094-AF04-4251-AC0D-E69A3811A202}.Debug|Any CPU.Build.0 = Debug|Any CPU
		{A5412094-AF04-4251-AC0D-E69A3811A202}.Release|Any CPU.ActiveCfg = Release|Any CPU
		{A5412094-AF04-4251-AC0D-E69A3811A202}.Release|Any CPU.Build.0 = Release|Any CPU
		{05619294-269B-4044-B9F6-29DD7F55FF0E}.Debug|Any CPU.ActiveCfg = Debug|Any CPU
		{05619294-269B-4044-B9F6-29DD7F55FF0E}.Debug|Any CPU.Build.0 = Debug|Any CPU
		{05619294-269B-4044-B9F6-29DD7F55FF0E}.Release|Any CPU.ActiveCfg = Release|Any CPU
		{05619294-269B-4044-B9F6-29DD7F55FF0E}.Release|Any CPU.Build.0 = Release|Any CPU
		{BC48A387-2B81-4321-8FCB-EECE4C90400C}.Debug|Any CPU.ActiveCfg = Debug|Any CPU
		{BC48A387-2B81-4321-8FCB-EECE4C90400C}.Debug|Any CPU.Build.0 = Debug|Any CPU
		{BC48A387-2B81-4321-8FCB-EECE4C90400C}.Release|Any CPU.ActiveCfg = Release|Any CPU
		{BC48A387-2B81-4321-8FCB-EECE4C90400C}.Release|Any CPU.Build.0 = Release|Any CPU
		{7954C5DA-5C6F-4615-BD46-99C3F8E62B55}.Debug|Any CPU.ActiveCfg = Debug|Any CPU
		{7954C5DA-5C6F-4615-BD46-99C3F8E62B55}.Debug|Any CPU.Build.0 = Debug|Any CPU
		{7954C5DA-5C6F-4615-BD46-99C3F8E62B55}.Release|Any CPU.ActiveCfg = Release|Any CPU
		{7954C5DA-5C6F-4615-BD46-99C3F8E62B55}.Release|Any CPU.Build.0 = Release|Any CPU
		{B8CD7EDC-0519-4411-A11A-DD5BE5A4EE76}.Debug|Any CPU.ActiveCfg = Debug|Any CPU
		{B8CD7EDC-0519-4411-A11A-DD5BE5A4EE76}.Debug|Any CPU.Build.0 = Debug|Any CPU
		{B8CD7EDC-0519-4411-A11A-DD5BE5A4EE76}.Release|Any CPU.ActiveCfg = Release|Any CPU
		{B8CD7EDC-0519-4411-A11A-DD5BE5A4EE76}.Release|Any CPU.Build.0 = Release|Any CPU
		{1373FDF8-8CBC-4088-B2B3-227E5CCF7A32}.Debug|Any CPU.ActiveCfg = Debug|Any CPU
		{1373FDF8-8CBC-4088-B2B3-227E5CCF7A32}.Debug|Any CPU.Build.0 = Debug|Any CPU
		{1373FDF8-8CBC-4088-B2B3-227E5CCF7A32}.Release|Any CPU.ActiveCfg = Release|Any CPU
		{1373FDF8-8CBC-4088-B2B3-227E5CCF7A32}.Release|Any CPU.Build.0 = Release|Any CPU
		{FB6A5161-F9E6-4ECF-A2BE-E8365424544C}.Debug|Any CPU.ActiveCfg = Debug|Any CPU
		{FB6A5161-F9E6-4ECF-A2BE-E8365424544C}.Debug|Any CPU.Build.0 = Debug|Any CPU
		{FB6A5161-F9E6-4ECF-A2BE-E8365424544C}.Release|Any CPU.ActiveCfg = Release|Any CPU
		{FB6A5161-F9E6-4ECF-A2BE-E8365424544C}.Release|Any CPU.Build.0 = Release|Any CPU
		{0EB2934C-14F0-465E-8728-103D1D60FC99}.Debug|Any CPU.ActiveCfg = Debug|Any CPU
		{0EB2934C-14F0-465E-8728-103D1D60FC99}.Debug|Any CPU.Build.0 = Debug|Any CPU
		{0EB2934C-14F0-465E-8728-103D1D60FC99}.Release|Any CPU.ActiveCfg = Release|Any CPU
		{0EB2934C-14F0-465E-8728-103D1D60FC99}.Release|Any CPU.Build.0 = Release|Any CPU
		{51A2F984-E764-4DA9-B112-486E43951774}.Debug|Any CPU.ActiveCfg = Debug|Any CPU
		{51A2F984-E764-4DA9-B112-486E43951774}.Debug|Any CPU.Build.0 = Debug|Any CPU
		{51A2F984-E764-4DA9-B112-486E43951774}.Release|Any CPU.ActiveCfg = Release|Any CPU
		{51A2F984-E764-4DA9-B112-486E43951774}.Release|Any CPU.Build.0 = Release|Any CPU
	EndGlobalSection
	GlobalSection(SolutionProperties) = preSolution
		HideSolutionNode = FALSE
	EndGlobalSection
	GlobalSection(NestedProjects) = preSolution
		{8C776C4B-4F9C-46B1-9598-9039D33EAE7E} = {22EDE6F9-3B51-4417-93CF-7253884C4F91}
		{102FF7A2-31B0-46D7-8349-CD289D7C5EF6} = {EBF36D61-AB22-4F3B-AE3E-E5BAD10AD54B}
		{576407B4-1298-43FE-9126-83BF57174772} = {EBF36D61-AB22-4F3B-AE3E-E5BAD10AD54B}
		{DB9C72F6-AF52-424F-B9ED-263F91524A86} = {EBF36D61-AB22-4F3B-AE3E-E5BAD10AD54B}
		{AFB0E002-A77D-464A-B706-B427888B5121} = {EBF36D61-AB22-4F3B-AE3E-E5BAD10AD54B}
		{08CFFCFC-6B2C-44AE-BCCD-4B2B08B585F3} = {EBF36D61-AB22-4F3B-AE3E-E5BAD10AD54B}
		{40F1F218-ECFE-4F44-A26B-80BD5219BAC0} = {EBF36D61-AB22-4F3B-AE3E-E5BAD10AD54B}
		{B8F5F654-06CD-4E84-9645-CD0DD13729F5} = {EBF36D61-AB22-4F3B-AE3E-E5BAD10AD54B}
		{8D11AA6B-1B6A-4E1D-A3D4-F0378FF48092} = {40F1F218-ECFE-4F44-A26B-80BD5219BAC0}
		{E1A89EAA-6DC8-445F-BB28-51A247F0A6FF} = {102FF7A2-31B0-46D7-8349-CD289D7C5EF6}
		{C55EE46A-FE48-4BED-917E-7AEA79C1D425} = {102FF7A2-31B0-46D7-8349-CD289D7C5EF6}
		{2CC665E5-29C9-454B-BF73-283B56F37F08} = {102FF7A2-31B0-46D7-8349-CD289D7C5EF6}
		{CE09069E-7C36-44FB-8786-78A933334786} = {DB9C72F6-AF52-424F-B9ED-263F91524A86}
		{4D0EC118-EE59-4C76-BFA6-190D45334F15} = {DB9C72F6-AF52-424F-B9ED-263F91524A86}
		{54F7532A-8EAE-43EC-BA20-93997DB3F23F} = {DB9C72F6-AF52-424F-B9ED-263F91524A86}
		{6A60C837-49FC-45DE-802B-93D6B74671E1} = {DB9C72F6-AF52-424F-B9ED-263F91524A86}
		{AF8B5FC7-62AE-412C-AF3E-D730F8E1DCF1} = {576407B4-1298-43FE-9126-83BF57174772}
		{D3263C10-E874-4875-A432-F9CDF7899C18} = {576407B4-1298-43FE-9126-83BF57174772}
		{501C2FC6-0FF7-484F-A29A-9F04AAE01619} = {576407B4-1298-43FE-9126-83BF57174772}
		{21E103C8-801A-4938-BC66-ACEE919A0B15} = {576407B4-1298-43FE-9126-83BF57174772}
		{F25EA943-8F3C-41E2-B007-A5406CBDA7CE} = {AFB0E002-A77D-464A-B706-B427888B5121}
		{A5412094-AF04-4251-AC0D-E69A3811A202} = {08CFFCFC-6B2C-44AE-BCCD-4B2B08B585F3}
		{05619294-269B-4044-B9F6-29DD7F55FF0E} = {08CFFCFC-6B2C-44AE-BCCD-4B2B08B585F3}
		{BC48A387-2B81-4321-8FCB-EECE4C90400C} = {08CFFCFC-6B2C-44AE-BCCD-4B2B08B585F3}
		{7954C5DA-5C6F-4615-BD46-99C3F8E62B55} = {08CFFCFC-6B2C-44AE-BCCD-4B2B08B585F3}
		{B8CD7EDC-0519-4411-A11A-DD5BE5A4EE76} = {40F1F218-ECFE-4F44-A26B-80BD5219BAC0}
		{1373FDF8-8CBC-4088-B2B3-227E5CCF7A32} = {EBF36D61-AB22-4F3B-AE3E-E5BAD10AD54B}
		{FB6A5161-F9E6-4ECF-A2BE-E8365424544C} = {121DAEDF-11D6-476B-A7DD-CF2E8A9DA043}
		{121DAEDF-11D6-476B-A7DD-CF2E8A9DA043} = {56772024-C2D7-404F-AFCE-F3C4705F0F81}
		{1C0F46F5-77B2-4CD5-8FD5-5498AB9B1C6B} = {56772024-C2D7-404F-AFCE-F3C4705F0F81}
		{0EB2934C-14F0-465E-8728-103D1D60FC99} = {1C0F46F5-77B2-4CD5-8FD5-5498AB9B1C6B}
		{51A2F984-E764-4DA9-B112-486E43951774} = {22EDE6F9-3B51-4417-93CF-7253884C4F91}
	EndGlobalSection
	GlobalSection(ExtensibilityGlobals) = postSolution
		SolutionGuid = {EDA3FA5A-805A-48E2-90C0-D200BB02745F}
	EndGlobalSection
EndGlobal
