
Microsoft Visual Studio Solution File, Format Version 12.00
# Visual Studio Version 16
VisualStudioVersion = 16.0.29709.97
MinimumVisualStudioVersion = 10.0.40219.1
Project("{2150E333-8FDC-42A3-9474-1A3956D46DE8}") = "Data", "Data", "{81773729-FAD8-4144-95A9-4680A66D48C9}"
EndProject
Project("{2150E333-8FDC-42A3-9474-1A3956D46DE8}") = "Data.Dapper", "Data.Dapper", "{E7A12AB4-E1E0-4355-B3C8-87B06575F8D4}"
EndProject
Project("{2150E333-8FDC-42A3-9474-1A3956D46DE8}") = "Data.EntityFramework", "Data.EntityFramework", "{E8519ACA-F96A-4F4B-AF1C-C8A54B94BFF2}"
EndProject
Project("{2150E333-8FDC-42A3-9474-1A3956D46DE8}") = "Mvc", "Mvc", "{02A1AD56-4DEE-4CE2-93B0-8B5817210185}"
EndProject
Project("{2150E333-8FDC-42A3-9474-1A3956D46DE8}") = "Events", "Events", "{994D01F7-EDE9-4028-8BEC-20E4D41530C4}"
EndProject
Project("{2150E333-8FDC-42A3-9474-1A3956D46DE8}") = "FileStorage", "FileStorage", "{D81A8142-1376-4FD6-8A3A-8570B1D5314B}"
EndProject
Project("{9A19103F-16F7-4668-BE54-9A1E7A4F7556}") = "X10D.Data", "Data\X10D.Data\X10D.Data.csproj", "{F7E48207-11E6-4CEA-ABBA-666F3E1478FE}"
EndProject
Project("{9A19103F-16F7-4668-BE54-9A1E7A4F7556}") = "X10D.Data.Abstractions", "Data\X10D.Data.Abstractions\X10D.Data.Abstractions.csproj", "{21D06AFA-1E96-489A-8E70-D99AE2FA6C48}"
EndProject
Project("{9A19103F-16F7-4668-BE54-9A1E7A4F7556}") = "X10D.Data.Entities.Abstractions", "Data\X10D.Data.Entities.Abstractions\X10D.Data.Entities.Abstractions.csproj", "{239821F7-4C2B-4E1B-9866-E8B644D447F9}"
EndProject
Project("{9A19103F-16F7-4668-BE54-9A1E7A4F7556}") = "X10D.Data.Dapper", "Data.Dapper\X10D.Data.Dapper\X10D.Data.Dapper.csproj", "{E1EBBC92-1EB1-4B21-B198-FEBA243EA22F}"
EndProject
Project("{9A19103F-16F7-4668-BE54-9A1E7A4F7556}") = "X10D.Data.Dapper.MySql", "Data.Dapper\X10D.Data.Dapper.MySql\X10D.Data.Dapper.MySql.csproj", "{5E69432B-0872-4AC5-AEB5-6EEE18C97EF5}"
EndProject
Project("{9A19103F-16F7-4668-BE54-9A1E7A4F7556}") = "X10D.Data.Dapper.PostgreSql", "Data.Dapper\X10D.Data.Dapper.PostgreSql\X10D.Data.Dapper.PostgreSql.csproj", "{6DB87BCE-5C82-4AFB-8083-5966CFE55363}"
EndProject
Project("{9A19103F-16F7-4668-BE54-9A1E7A4F7556}") = "X10D.Data.Dapper.SqlServer", "Data.Dapper\X10D.Data.Dapper.SqlServer\X10D.Data.Dapper.SqlServer.csproj", "{133588A2-5481-49D3-BFAE-9CE837D1E5AE}"
EndProject
Project("{9A19103F-16F7-4668-BE54-9A1E7A4F7556}") = "X10D.Data.EntityFramework", "Data.EntityFramework\X10D.Data.EntityFramework\X10D.Data.EntityFramework.csproj", "{997E6E1F-1D91-4D6E-9153-0EDBA38E2A52}"
EndProject
Project("{9A19103F-16F7-4668-BE54-9A1E7A4F7556}") = "X10D.Data.EntityFramework.MySql", "Data.EntityFramework\X10D.Data.EntityFramework.MySql\X10D.Data.EntityFramework.MySql.csproj", "{9727B417-DA52-48C5-9460-5E5F3406DD5A}"
EndProject
Project("{9A19103F-16F7-4668-BE54-9A1E7A4F7556}") = "X10D.Data.EntityFramework.PostgreSql", "Data.EntityFramework\X10D.Data.EntityFramework.PostgreSql\X10D.Data.EntityFramework.PostgreSql.csproj", "{0AE75A4A-6808-4E53-9DBE-931EB05B34F5}"
EndProject
Project("{9A19103F-16F7-4668-BE54-9A1E7A4F7556}") = "X10D.Data.EntityFramework.SqlServer", "Data.EntityFramework\X10D.Data.EntityFramework.SqlServer\X10D.Data.EntityFramework.SqlServer.csproj", "{A363308D-4B2B-4B1A-8100-3D462975BBF8}"
EndProject
Project("{9A19103F-16F7-4668-BE54-9A1E7A4F7556}") = "X10D.Events", "Events\X10D.Events\X10D.Events.csproj", "{BE1C8A7E-A706-40BE-9614-60737B79EE8D}"
EndProject
Project("{9A19103F-16F7-4668-BE54-9A1E7A4F7556}") = "X10D.FileStorage", "FileStorage\X10D.FileStorage\X10D.FileStorage.csproj", "{561565C5-365F-48D2-8C1E-7515F422BBB7}"
EndProject
Project("{9A19103F-16F7-4668-BE54-9A1E7A4F7556}") = "X10D.FileStorage.Abstractions", "FileStorage\X10D.FileStorage.Abstractions\X10D.FileStorage.Abstractions.csproj", "{AEA82A59-FCB8-4F37-95C2-D9549FAE1404}"
EndProject
Project("{9A19103F-16F7-4668-BE54-9A1E7A4F7556}") = "X10D.FileStorage.Dropbox", "FileStorage\X10D.FileStorage.Dropbox\X10D.FileStorage.Dropbox.csproj", "{6E4748D5-930B-4CF0-AF98-38FE31C07320}"
EndProject
Project("{9A19103F-16F7-4668-BE54-9A1E7A4F7556}") = "X10D.FileStorage.FileSystem", "FileStorage\X10D.FileStorage.FileSystem\X10D.FileStorage.FileSystem.csproj", "{0F4CE5AD-3D62-4E6D-A0F7-945B61779749}"
EndProject
Project("{9A19103F-16F7-4668-BE54-9A1E7A4F7556}") = "X10D.Mvc.Infrastructure", "Mvc\X10D.Mvc.Infrastructure\X10D.Mvc.Infrastructure.csproj", "{093C5BDF-10B5-4F8E-B828-43CDD4C3A3FD}"
EndProject
Project("{9A19103F-16F7-4668-BE54-9A1E7A4F7556}") = "X10D.Mvc", "Mvc\X10D.Mvc\X10D.Mvc.csproj", "{95FA5B88-32DA-49AE-BE8E-15D2EA132C9D}"
EndProject
Project("{9A19103F-16F7-4668-BE54-9A1E7A4F7556}") = "X10D.Infrastructure", "X10D.Infrastructure\X10D.Infrastructure.csproj", "{CAED6B07-4C06-43FF-AD8A-E459F3E8701E}"
EndProject
Project("{9A19103F-16F7-4668-BE54-9A1E7A4F7556}") = "X10D.WebApplication", "X10D.WebApplication\X10D.WebApplication.csproj", "{37C98427-2D92-414C-A386-2A6DA6921AAE}"
EndProject
Global
	GlobalSection(SolutionConfigurationPlatforms) = preSolution
		Debug|Any CPU = Debug|Any CPU
		Release|Any CPU = Release|Any CPU
	EndGlobalSection
	GlobalSection(ProjectConfigurationPlatforms) = postSolution
		{F7E48207-11E6-4CEA-ABBA-666F3E1478FE}.Debug|Any CPU.ActiveCfg = Debug|Any CPU
		{F7E48207-11E6-4CEA-ABBA-666F3E1478FE}.Debug|Any CPU.Build.0 = Debug|Any CPU
		{F7E48207-11E6-4CEA-ABBA-666F3E1478FE}.Release|Any CPU.ActiveCfg = Release|Any CPU
		{F7E48207-11E6-4CEA-ABBA-666F3E1478FE}.Release|Any CPU.Build.0 = Release|Any CPU
		{21D06AFA-1E96-489A-8E70-D99AE2FA6C48}.Debug|Any CPU.ActiveCfg = Debug|Any CPU
		{21D06AFA-1E96-489A-8E70-D99AE2FA6C48}.Debug|Any CPU.Build.0 = Debug|Any CPU
		{21D06AFA-1E96-489A-8E70-D99AE2FA6C48}.Release|Any CPU.ActiveCfg = Release|Any CPU
		{21D06AFA-1E96-489A-8E70-D99AE2FA6C48}.Release|Any CPU.Build.0 = Release|Any CPU
		{239821F7-4C2B-4E1B-9866-E8B644D447F9}.Debug|Any CPU.ActiveCfg = Debug|Any CPU
		{239821F7-4C2B-4E1B-9866-E8B644D447F9}.Debug|Any CPU.Build.0 = Debug|Any CPU
		{239821F7-4C2B-4E1B-9866-E8B644D447F9}.Release|Any CPU.ActiveCfg = Release|Any CPU
		{239821F7-4C2B-4E1B-9866-E8B644D447F9}.Release|Any CPU.Build.0 = Release|Any CPU
		{E1EBBC92-1EB1-4B21-B198-FEBA243EA22F}.Debug|Any CPU.ActiveCfg = Debug|Any CPU
		{E1EBBC92-1EB1-4B21-B198-FEBA243EA22F}.Debug|Any CPU.Build.0 = Debug|Any CPU
		{E1EBBC92-1EB1-4B21-B198-FEBA243EA22F}.Release|Any CPU.ActiveCfg = Release|Any CPU
		{E1EBBC92-1EB1-4B21-B198-FEBA243EA22F}.Release|Any CPU.Build.0 = Release|Any CPU
		{5E69432B-0872-4AC5-AEB5-6EEE18C97EF5}.Debug|Any CPU.ActiveCfg = Debug|Any CPU
		{5E69432B-0872-4AC5-AEB5-6EEE18C97EF5}.Debug|Any CPU.Build.0 = Debug|Any CPU
		{5E69432B-0872-4AC5-AEB5-6EEE18C97EF5}.Release|Any CPU.ActiveCfg = Release|Any CPU
		{5E69432B-0872-4AC5-AEB5-6EEE18C97EF5}.Release|Any CPU.Build.0 = Release|Any CPU
		{6DB87BCE-5C82-4AFB-8083-5966CFE55363}.Debug|Any CPU.ActiveCfg = Debug|Any CPU
		{6DB87BCE-5C82-4AFB-8083-5966CFE55363}.Debug|Any CPU.Build.0 = Debug|Any CPU
		{6DB87BCE-5C82-4AFB-8083-5966CFE55363}.Release|Any CPU.ActiveCfg = Release|Any CPU
		{6DB87BCE-5C82-4AFB-8083-5966CFE55363}.Release|Any CPU.Build.0 = Release|Any CPU
		{133588A2-5481-49D3-BFAE-9CE837D1E5AE}.Debug|Any CPU.ActiveCfg = Debug|Any CPU
		{133588A2-5481-49D3-BFAE-9CE837D1E5AE}.Debug|Any CPU.Build.0 = Debug|Any CPU
		{133588A2-5481-49D3-BFAE-9CE837D1E5AE}.Release|Any CPU.ActiveCfg = Release|Any CPU
		{133588A2-5481-49D3-BFAE-9CE837D1E5AE}.Release|Any CPU.Build.0 = Release|Any CPU
		{997E6E1F-1D91-4D6E-9153-0EDBA38E2A52}.Debug|Any CPU.ActiveCfg = Debug|Any CPU
		{997E6E1F-1D91-4D6E-9153-0EDBA38E2A52}.Debug|Any CPU.Build.0 = Debug|Any CPU
		{997E6E1F-1D91-4D6E-9153-0EDBA38E2A52}.Release|Any CPU.ActiveCfg = Release|Any CPU
		{997E6E1F-1D91-4D6E-9153-0EDBA38E2A52}.Release|Any CPU.Build.0 = Release|Any CPU
		{9727B417-DA52-48C5-9460-5E5F3406DD5A}.Debug|Any CPU.ActiveCfg = Debug|Any CPU
		{9727B417-DA52-48C5-9460-5E5F3406DD5A}.Debug|Any CPU.Build.0 = Debug|Any CPU
		{9727B417-DA52-48C5-9460-5E5F3406DD5A}.Release|Any CPU.ActiveCfg = Release|Any CPU
		{9727B417-DA52-48C5-9460-5E5F3406DD5A}.Release|Any CPU.Build.0 = Release|Any CPU
		{0AE75A4A-6808-4E53-9DBE-931EB05B34F5}.Debug|Any CPU.ActiveCfg = Debug|Any CPU
		{0AE75A4A-6808-4E53-9DBE-931EB05B34F5}.Debug|Any CPU.Build.0 = Debug|Any CPU
		{0AE75A4A-6808-4E53-9DBE-931EB05B34F5}.Release|Any CPU.ActiveCfg = Release|Any CPU
		{0AE75A4A-6808-4E53-9DBE-931EB05B34F5}.Release|Any CPU.Build.0 = Release|Any CPU
		{A363308D-4B2B-4B1A-8100-3D462975BBF8}.Debug|Any CPU.ActiveCfg = Debug|Any CPU
		{A363308D-4B2B-4B1A-8100-3D462975BBF8}.Debug|Any CPU.Build.0 = Debug|Any CPU
		{A363308D-4B2B-4B1A-8100-3D462975BBF8}.Release|Any CPU.ActiveCfg = Release|Any CPU
		{A363308D-4B2B-4B1A-8100-3D462975BBF8}.Release|Any CPU.Build.0 = Release|Any CPU
		{BE1C8A7E-A706-40BE-9614-60737B79EE8D}.Debug|Any CPU.ActiveCfg = Debug|Any CPU
		{BE1C8A7E-A706-40BE-9614-60737B79EE8D}.Debug|Any CPU.Build.0 = Debug|Any CPU
		{BE1C8A7E-A706-40BE-9614-60737B79EE8D}.Release|Any CPU.ActiveCfg = Release|Any CPU
		{BE1C8A7E-A706-40BE-9614-60737B79EE8D}.Release|Any CPU.Build.0 = Release|Any CPU
		{561565C5-365F-48D2-8C1E-7515F422BBB7}.Debug|Any CPU.ActiveCfg = Debug|Any CPU
		{561565C5-365F-48D2-8C1E-7515F422BBB7}.Debug|Any CPU.Build.0 = Debug|Any CPU
		{561565C5-365F-48D2-8C1E-7515F422BBB7}.Release|Any CPU.ActiveCfg = Release|Any CPU
		{561565C5-365F-48D2-8C1E-7515F422BBB7}.Release|Any CPU.Build.0 = Release|Any CPU
		{AEA82A59-FCB8-4F37-95C2-D9549FAE1404}.Debug|Any CPU.ActiveCfg = Debug|Any CPU
		{AEA82A59-FCB8-4F37-95C2-D9549FAE1404}.Debug|Any CPU.Build.0 = Debug|Any CPU
		{AEA82A59-FCB8-4F37-95C2-D9549FAE1404}.Release|Any CPU.ActiveCfg = Release|Any CPU
		{AEA82A59-FCB8-4F37-95C2-D9549FAE1404}.Release|Any CPU.Build.0 = Release|Any CPU
		{6E4748D5-930B-4CF0-AF98-38FE31C07320}.Debug|Any CPU.ActiveCfg = Debug|Any CPU
		{6E4748D5-930B-4CF0-AF98-38FE31C07320}.Debug|Any CPU.Build.0 = Debug|Any CPU
		{6E4748D5-930B-4CF0-AF98-38FE31C07320}.Release|Any CPU.ActiveCfg = Release|Any CPU
		{6E4748D5-930B-4CF0-AF98-38FE31C07320}.Release|Any CPU.Build.0 = Release|Any CPU
		{0F4CE5AD-3D62-4E6D-A0F7-945B61779749}.Debug|Any CPU.ActiveCfg = Debug|Any CPU
		{0F4CE5AD-3D62-4E6D-A0F7-945B61779749}.Debug|Any CPU.Build.0 = Debug|Any CPU
		{0F4CE5AD-3D62-4E6D-A0F7-945B61779749}.Release|Any CPU.ActiveCfg = Release|Any CPU
		{0F4CE5AD-3D62-4E6D-A0F7-945B61779749}.Release|Any CPU.Build.0 = Release|Any CPU
		{093C5BDF-10B5-4F8E-B828-43CDD4C3A3FD}.Debug|Any CPU.ActiveCfg = Debug|Any CPU
		{093C5BDF-10B5-4F8E-B828-43CDD4C3A3FD}.Debug|Any CPU.Build.0 = Debug|Any CPU
		{093C5BDF-10B5-4F8E-B828-43CDD4C3A3FD}.Release|Any CPU.ActiveCfg = Release|Any CPU
		{093C5BDF-10B5-4F8E-B828-43CDD4C3A3FD}.Release|Any CPU.Build.0 = Release|Any CPU
		{95FA5B88-32DA-49AE-BE8E-15D2EA132C9D}.Debug|Any CPU.ActiveCfg = Debug|Any CPU
		{95FA5B88-32DA-49AE-BE8E-15D2EA132C9D}.Debug|Any CPU.Build.0 = Debug|Any CPU
		{95FA5B88-32DA-49AE-BE8E-15D2EA132C9D}.Release|Any CPU.ActiveCfg = Release|Any CPU
		{95FA5B88-32DA-49AE-BE8E-15D2EA132C9D}.Release|Any CPU.Build.0 = Release|Any CPU
		{CAED6B07-4C06-43FF-AD8A-E459F3E8701E}.Debug|Any CPU.ActiveCfg = Debug|Any CPU
		{CAED6B07-4C06-43FF-AD8A-E459F3E8701E}.Debug|Any CPU.Build.0 = Debug|Any CPU
		{CAED6B07-4C06-43FF-AD8A-E459F3E8701E}.Release|Any CPU.ActiveCfg = Release|Any CPU
		{CAED6B07-4C06-43FF-AD8A-E459F3E8701E}.Release|Any CPU.Build.0 = Release|Any CPU
		{37C98427-2D92-414C-A386-2A6DA6921AAE}.Debug|Any CPU.ActiveCfg = Debug|Any CPU
		{37C98427-2D92-414C-A386-2A6DA6921AAE}.Debug|Any CPU.Build.0 = Debug|Any CPU
		{37C98427-2D92-414C-A386-2A6DA6921AAE}.Release|Any CPU.ActiveCfg = Release|Any CPU
		{37C98427-2D92-414C-A386-2A6DA6921AAE}.Release|Any CPU.Build.0 = Release|Any CPU
	EndGlobalSection
	GlobalSection(SolutionProperties) = preSolution
		HideSolutionNode = FALSE
	EndGlobalSection
	GlobalSection(NestedProjects) = preSolution
		{F7E48207-11E6-4CEA-ABBA-666F3E1478FE} = {81773729-FAD8-4144-95A9-4680A66D48C9}
		{21D06AFA-1E96-489A-8E70-D99AE2FA6C48} = {81773729-FAD8-4144-95A9-4680A66D48C9}
		{239821F7-4C2B-4E1B-9866-E8B644D447F9} = {81773729-FAD8-4144-95A9-4680A66D48C9}
		{E1EBBC92-1EB1-4B21-B198-FEBA243EA22F} = {E7A12AB4-E1E0-4355-B3C8-87B06575F8D4}
		{5E69432B-0872-4AC5-AEB5-6EEE18C97EF5} = {E7A12AB4-E1E0-4355-B3C8-87B06575F8D4}
		{6DB87BCE-5C82-4AFB-8083-5966CFE55363} = {E7A12AB4-E1E0-4355-B3C8-87B06575F8D4}
		{133588A2-5481-49D3-BFAE-9CE837D1E5AE} = {E7A12AB4-E1E0-4355-B3C8-87B06575F8D4}
		{997E6E1F-1D91-4D6E-9153-0EDBA38E2A52} = {E8519ACA-F96A-4F4B-AF1C-C8A54B94BFF2}
		{9727B417-DA52-48C5-9460-5E5F3406DD5A} = {E8519ACA-F96A-4F4B-AF1C-C8A54B94BFF2}
		{0AE75A4A-6808-4E53-9DBE-931EB05B34F5} = {E8519ACA-F96A-4F4B-AF1C-C8A54B94BFF2}
		{A363308D-4B2B-4B1A-8100-3D462975BBF8} = {E8519ACA-F96A-4F4B-AF1C-C8A54B94BFF2}
		{BE1C8A7E-A706-40BE-9614-60737B79EE8D} = {994D01F7-EDE9-4028-8BEC-20E4D41530C4}
		{561565C5-365F-48D2-8C1E-7515F422BBB7} = {D81A8142-1376-4FD6-8A3A-8570B1D5314B}
		{AEA82A59-FCB8-4F37-95C2-D9549FAE1404} = {D81A8142-1376-4FD6-8A3A-8570B1D5314B}
		{6E4748D5-930B-4CF0-AF98-38FE31C07320} = {D81A8142-1376-4FD6-8A3A-8570B1D5314B}
		{0F4CE5AD-3D62-4E6D-A0F7-945B61779749} = {D81A8142-1376-4FD6-8A3A-8570B1D5314B}
		{093C5BDF-10B5-4F8E-B828-43CDD4C3A3FD} = {02A1AD56-4DEE-4CE2-93B0-8B5817210185}
		{95FA5B88-32DA-49AE-BE8E-15D2EA132C9D} = {02A1AD56-4DEE-4CE2-93B0-8B5817210185}
	EndGlobalSection
	GlobalSection(ExtensibilityGlobals) = postSolution
		SolutionGuid = {81ED71F8-DF09-4043-BF49-DC16BFE37DE7}
	EndGlobalSection
EndGlobal
